
Microsoft Visual Studio Solution File, Format Version 12.00
# Visual Studio Version 17
VisualStudioVersion = 17.9.34714.143
MinimumVisualStudioVersion = 10.0.40219.1
Project("{9A19103F-16F7-4668-BE54-9A1E7A4F7556}") = "SampleSignalRWebAPI", "SampleSignalRWebAPI\SampleSignalRWebAPI.csproj", "{452CC246-1180-46AE-B310-A075EDBC47FF}"
EndProject
Project("{FAE04EC0-301F-11D3-BF4B-00C04F79EFBC}") = "SignalRClient", "SignalRClient\SignalRClient.csproj", "{22682834-4EC2-4AD1-B0EC-DA5C162BC450}"
EndProject
Global
	GlobalSection(SolutionConfigurationPlatforms) = preSolution
		Debug|Any CPU = Debug|Any CPU
		Release|Any CPU = Release|Any CPU
	EndGlobalSection
	GlobalSection(ProjectConfigurationPlatforms) = postSolution
		{452CC246-1180-46AE-B310-A075EDBC47FF}.Debug|Any CPU.ActiveCfg = Debug|Any CPU
		{452CC246-1180-46AE-B310-A075EDBC47FF}.Debug|Any CPU.Build.0 = Debug|Any CPU
		{452CC246-1180-46AE-B310-A075EDBC47FF}.Release|Any CPU.ActiveCfg = Release|Any CPU
		{452CC246-1180-46AE-B310-A075EDBC47FF}.Release|Any CPU.Build.0 = Release|Any CPU
		{22682834-4EC2-4AD1-B0EC-DA5C162BC450}.Debug|Any CPU.ActiveCfg = Debug|Any CPU
		{22682834-4EC2-4AD1-B0EC-DA5C162BC450}.Debug|Any CPU.Build.0 = Debug|Any CPU
		{22682834-4EC2-4AD1-B0EC-DA5C162BC450}.Release|Any CPU.ActiveCfg = Release|Any CPU
		{22682834-4EC2-4AD1-B0EC-DA5C162BC450}.Release|Any CPU.Build.0 = Release|Any CPU
	EndGlobalSection
	GlobalSection(SolutionProperties) = preSolution
		HideSolutionNode = FALSE
	EndGlobalSection
	GlobalSection(ExtensibilityGlobals) = postSolution
		SolutionGuid = {65EFCB72-80A4-4862-8469-B5F0BA238FE1}
	EndGlobalSection
EndGlobal
